// !$*UTF8*$!
{
	archiveVersion = 1;
	classes = {
	};
	objectVersion = 46;
	objects = {

/* Begin PBXBuildFile section */
		5C143DA81980326B00B4F0E4 /* AppDelegate.swift in Sources */ = {isa = PBXBuildFile; fileRef = 5C143DA71980326B00B4F0E4 /* AppDelegate.swift */; };
		5C143DAD1980326B00B4F0E4 /* Main.storyboard in Resources */ = {isa = PBXBuildFile; fileRef = 5C143DAB1980326B00B4F0E4 /* Main.storyboard */; };
		5C143DAF1980326B00B4F0E4 /* Images.xcassets in Resources */ = {isa = PBXBuildFile; fileRef = 5C143DAE1980326B00B4F0E4 /* Images.xcassets */; };
		5C143DC7198032D200B4F0E4 /* Parse.framework in Frameworks */ = {isa = PBXBuildFile; fileRef = 5C143DC6198032D200B4F0E4 /* Parse.framework */; };
		5C143DD2198032E100B4F0E4 /* SystemConfiguration.framework in Frameworks */ = {isa = PBXBuildFile; fileRef = 5C143DC8198032E100B4F0E4 /* SystemConfiguration.framework */; };
		5C143DD3198032E100B4F0E4 /* StoreKit.framework in Frameworks */ = {isa = PBXBuildFile; fileRef = 5C143DC9198032E100B4F0E4 /* StoreKit.framework */; };
		5C143DD4198032E100B4F0E4 /* Security.framework in Frameworks */ = {isa = PBXBuildFile; fileRef = 5C143DCA198032E100B4F0E4 /* Security.framework */; };
		5C143DD5198032E100B4F0E4 /* QuartzCore.framework in Frameworks */ = {isa = PBXBuildFile; fileRef = 5C143DCB198032E100B4F0E4 /* QuartzCore.framework */; };
		5C143DD6198032E100B4F0E4 /* MobileCoreServices.framework in Frameworks */ = {isa = PBXBuildFile; fileRef = 5C143DCC198032E100B4F0E4 /* MobileCoreServices.framework */; };
		5C143DD7198032E100B4F0E4 /* libz.dylib in Frameworks */ = {isa = PBXBuildFile; fileRef = 5C143DCD198032E100B4F0E4 /* libz.dylib */; };
		5C143DD8198032E100B4F0E4 /* CoreLocation.framework in Frameworks */ = {isa = PBXBuildFile; fileRef = 5C143DCE198032E100B4F0E4 /* CoreLocation.framework */; };
		5C143DD9198032E100B4F0E4 /* CoreGraphics.framework in Frameworks */ = {isa = PBXBuildFile; fileRef = 5C143DCF198032E100B4F0E4 /* CoreGraphics.framework */; };
		5C143DDA198032E100B4F0E4 /* CFNetwork.framework in Frameworks */ = {isa = PBXBuildFile; fileRef = 5C143DD0198032E100B4F0E4 /* CFNetwork.framework */; };
		5C143DDB198032E100B4F0E4 /* AudioToolbox.framework in Frameworks */ = {isa = PBXBuildFile; fileRef = 5C143DD1198032E100B4F0E4 /* AudioToolbox.framework */; };
		5C143DE11980397700B4F0E4 /* Social.framework in Frameworks */ = {isa = PBXBuildFile; fileRef = 5C143DE01980397700B4F0E4 /* Social.framework */; };
		5C143DE819803A0800B4F0E4 /* libsqlite3.0.dylib in Frameworks */ = {isa = PBXBuildFile; fileRef = 5C143DE219803A0800B4F0E4 /* libsqlite3.0.dylib */; };
		5C143DE919803A0800B4F0E4 /* Accounts.framework in Frameworks */ = {isa = PBXBuildFile; fileRef = 5C143DE319803A0800B4F0E4 /* Accounts.framework */; };
		5C143DEA19803A0800B4F0E4 /* AdSupport.framework in Frameworks */ = {isa = PBXBuildFile; fileRef = 5C143DE419803A0800B4F0E4 /* AdSupport.framework */; };
		5C143DEB19803A0800B4F0E4 /* Foundation.framework in Frameworks */ = {isa = PBXBuildFile; fileRef = 5C143DE519803A0800B4F0E4 /* Foundation.framework */; };
		5C143DEC19803A0800B4F0E4 /* libz.1.1.3.dylib in Frameworks */ = {isa = PBXBuildFile; fileRef = 5C143DE619803A0800B4F0E4 /* libz.1.1.3.dylib */; };
		5C143DED19803A0800B4F0E4 /* UIKit.framework in Frameworks */ = {isa = PBXBuildFile; fileRef = 5C143DE719803A0800B4F0E4 /* UIKit.framework */; };
		5C4988C71980521A00873C6D /* timelineViewController.swift in Sources */ = {isa = PBXBuildFile; fileRef = 5C4988C61980521A00873C6D /* timelineViewController.swift */; };
		5C84DEDE1982A498009162CD /* signUpViewController.swift in Sources */ = {isa = PBXBuildFile; fileRef = 5C84DEDD1982A498009162CD /* signUpViewController.swift */; };
		BA08515619F577BD00BACD87 /* symptTrigListViewController.swift in Sources */ = {isa = PBXBuildFile; fileRef = BA08515519F577BD00BACD87 /* symptTrigListViewController.swift */; };
		BA280D4E19FAC05E00874FD1 /* sEvent.swift in Sources */ = {isa = PBXBuildFile; fileRef = BA280D4D19FAC05E00874FD1 /* sEvent.swift */; };
		BA280D5019FAD0ED00874FD1 /* singleSymptomDataVC.swift in Sources */ = {isa = PBXBuildFile; fileRef = BA280D4F19FAD0ED00874FD1 /* singleSymptomDataVC.swift */; };
		BA281AAB19AACC0B00ACC3BB /* profileViewController.swift in Sources */ = {isa = PBXBuildFile; fileRef = BA281AAA19AACC0B00ACC3BB /* profileViewController.swift */; };
		BA4AF875198DD02400FC10D2 /* itemDetailController.swift in Sources */ = {isa = PBXBuildFile; fileRef = BA4AF874198DD02400FC10D2 /* itemDetailController.swift */; };
		BA4DBE9F19CF4B7F00CFFBFA /* Info.plist in Resources */ = {isa = PBXBuildFile; fileRef = BA4DBE9D19CF4B7F00CFFBFA /* Info.plist */; };
		BA4DBEAF19CF563F00CFFBFA /* GraphView.swift in Sources */ = {isa = PBXBuildFile; fileRef = BA4DBEAE19CF563F00CFFBFA /* GraphView.swift */; };
		BA4DBEB119CF5D8800CFFBFA /* SingleSymptomLine_GraphView.swift in Sources */ = {isa = PBXBuildFile; fileRef = BA4DBEB019CF5D8800CFFBFA /* SingleSymptomLine_GraphView.swift */; };
		BA51669219B2218900E44717 /* logInViewController.swift in Sources */ = {isa = PBXBuildFile; fileRef = 5C84DEDB1982A456009162CD /* logInViewController.swift */; };
		BA5A9A4119D3DC0F00A410DF /* Instabug.framework in Frameworks */ = {isa = PBXBuildFile; fileRef = BACF75B919D3D51A00E2540D /* Instabug.framework */; };
		BA5A9A4319D3DC4400A410DF /* CoreMotion.framework in Frameworks */ = {isa = PBXBuildFile; fileRef = BA5A9A4219D3DC4400A410DF /* CoreMotion.framework */; };
		BA5A9A4519D3DC5E00A410DF /* CoreTelephony.framework in Frameworks */ = {isa = PBXBuildFile; fileRef = BA5A9A4419D3DC5E00A410DF /* CoreTelephony.framework */; };
		BA5A9A4719D3DC7300A410DF /* AVFoundation.framework in Frameworks */ = {isa = PBXBuildFile; fileRef = BA5A9A4619D3DC7300A410DF /* AVFoundation.framework */; };
		BA5A9A4919D3DCAB00A410DF /* libc++.dylib in Frameworks */ = {isa = PBXBuildFile; fileRef = BA5A9A4819D3DCAB00A410DF /* libc++.dylib */; };
		BA5A9A4B19D3DCB800A410DF /* MessageUI.framework in Frameworks */ = {isa = PBXBuildFile; fileRef = BA5A9A4A19D3DCB800A410DF /* MessageUI.framework */; };
		BA5A9A4D19D3DCBF00A410DF /* OpenGLES.framework in Frameworks */ = {isa = PBXBuildFile; fileRef = BA5A9A4C19D3DCBF00A410DF /* OpenGLES.framework */; };
		BA5A9A4F19D3DCCA00A410DF /* GLKit.framework in Frameworks */ = {isa = PBXBuildFile; fileRef = BA5A9A4E19D3DCCA00A410DF /* GLKit.framework */; };
		BA5A9A5119D3DCEB00A410DF /* CoreFoundation.framework in Frameworks */ = {isa = PBXBuildFile; fileRef = BA5A9A5019D3DCEB00A410DF /* CoreFoundation.framework */; };
		BA5B40A719C68DB300794F13 /* dataMainVC.swift in Sources */ = {isa = PBXBuildFile; fileRef = BA5B40A619C68DB300794F13 /* dataMainVC.swift */; };
		BA5B40A919C7D64000794F13 /* dataMainCell.swift in Sources */ = {isa = PBXBuildFile; fileRef = BA5B40A819C7D64000794F13 /* dataMainCell.swift */; };
		BA6AA40C19C4CDEB00D64369 /* timelineCell.swift in Sources */ = {isa = PBXBuildFile; fileRef = BA6AA40B19C4CDEB00D64369 /* timelineCell.swift */; };
		BABFA3FF19CF402900434B51 /* dataMigraineVC.swift in Sources */ = {isa = PBXBuildFile; fileRef = BABFA3FE19CF402900434B51 /* dataMigraineVC.swift */; };
		BACBCCCB19AEC17900C79000 /* MBProgressHUD.m in Sources */ = {isa = PBXBuildFile; fileRef = BACBCCCA19AEC17900C79000 /* MBProgressHUD.m */; };
		BACF75BC19D3D60600E2540D /* Instabug.bundle in Resources */ = {isa = PBXBuildFile; fileRef = BACF75BB19D3D60600E2540D /* Instabug.bundle */; };
		BAD85E3119BCFAFA00E2EB9B /* theExtensions.swift in Sources */ = {isa = PBXBuildFile; fileRef = BAD85E3019BCFAFA00E2EB9B /* theExtensions.swift */; };
		BAE0DC9119A6BA2E00F02683 /* itemModel.swift in Sources */ = {isa = PBXBuildFile; fileRef = BAE0DC9019A6BA2E00F02683 /* itemModel.swift */; };
		BAE626C2199FBB5500747932 /* calendarViewController.swift in Sources */ = {isa = PBXBuildFile; fileRef = BAE626C1199FBB5500747932 /* calendarViewController.swift */; };
		BAF74EDD19E5B8E800956CF8 /* AF+Date+Extension.swift in Sources */ = {isa = PBXBuildFile; fileRef = BAF74EDC19E5B8E700956CF8 /* AF+Date+Extension.swift */; };
/* End PBXBuildFile section */

/* Begin PBXContainerItemProxy section */
		5C143DB51980326B00B4F0E4 /* PBXContainerItemProxy */ = {
			isa = PBXContainerItemProxy;
			containerPortal = 5C143D9A1980326B00B4F0E4 /* Project object */;
			proxyType = 1;
			remoteGlobalIDString = 5C143DA11980326B00B4F0E4;
			remoteInfo = ParseAuthSwift;
		};
/* End PBXContainerItemProxy section */

/* Begin PBXFileReference section */
		5C143DA21980326B00B4F0E4 /* Trak.app */ = {isa = PBXFileReference; explicitFileType = wrapper.application; includeInIndex = 0; path = Trak.app; sourceTree = BUILT_PRODUCTS_DIR; };
		5C143DA61980326B00B4F0E4 /* Info.plist */ = {isa = PBXFileReference; lastKnownFileType = text.plist.xml; path = Info.plist; sourceTree = "<group>"; };
		5C143DA71980326B00B4F0E4 /* AppDelegate.swift */ = {isa = PBXFileReference; lastKnownFileType = sourcecode.swift; path = AppDelegate.swift; sourceTree = "<group>"; };
		5C143DAC1980326B00B4F0E4 /* Base */ = {isa = PBXFileReference; lastKnownFileType = file.storyboard; name = Base; path = Base.lproj/Main.storyboard; sourceTree = "<group>"; };
		5C143DAE1980326B00B4F0E4 /* Images.xcassets */ = {isa = PBXFileReference; lastKnownFileType = folder.assetcatalog; name = Images.xcassets; path = Trak/Images.xcassets; sourceTree = "<group>"; };
		5C143DB41980326B00B4F0E4 /* TrakTests.xctest */ = {isa = PBXFileReference; explicitFileType = wrapper.cfbundle; includeInIndex = 0; path = TrakTests.xctest; sourceTree = BUILT_PRODUCTS_DIR; };
		5C143DC6198032D200B4F0E4 /* Parse.framework */ = {isa = PBXFileReference; lastKnownFileType = wrapper.framework; path = Parse.framework; sourceTree = "<group>"; };
		5C143DC8198032E100B4F0E4 /* SystemConfiguration.framework */ = {isa = PBXFileReference; lastKnownFileType = wrapper.framework; name = SystemConfiguration.framework; path = System/Library/Frameworks/SystemConfiguration.framework; sourceTree = SDKROOT; };
		5C143DC9198032E100B4F0E4 /* StoreKit.framework */ = {isa = PBXFileReference; lastKnownFileType = wrapper.framework; name = StoreKit.framework; path = System/Library/Frameworks/StoreKit.framework; sourceTree = SDKROOT; };
		5C143DCA198032E100B4F0E4 /* Security.framework */ = {isa = PBXFileReference; lastKnownFileType = wrapper.framework; name = Security.framework; path = System/Library/Frameworks/Security.framework; sourceTree = SDKROOT; };
		5C143DCB198032E100B4F0E4 /* QuartzCore.framework */ = {isa = PBXFileReference; lastKnownFileType = wrapper.framework; name = QuartzCore.framework; path = System/Library/Frameworks/QuartzCore.framework; sourceTree = SDKROOT; };
		5C143DCC198032E100B4F0E4 /* MobileCoreServices.framework */ = {isa = PBXFileReference; lastKnownFileType = wrapper.framework; name = MobileCoreServices.framework; path = System/Library/Frameworks/MobileCoreServices.framework; sourceTree = SDKROOT; };
		5C143DCD198032E100B4F0E4 /* libz.dylib */ = {isa = PBXFileReference; lastKnownFileType = "compiled.mach-o.dylib"; name = libz.dylib; path = usr/lib/libz.dylib; sourceTree = SDKROOT; };
		5C143DCE198032E100B4F0E4 /* CoreLocation.framework */ = {isa = PBXFileReference; lastKnownFileType = wrapper.framework; name = CoreLocation.framework; path = System/Library/Frameworks/CoreLocation.framework; sourceTree = SDKROOT; };
		5C143DCF198032E100B4F0E4 /* CoreGraphics.framework */ = {isa = PBXFileReference; lastKnownFileType = wrapper.framework; name = CoreGraphics.framework; path = System/Library/Frameworks/CoreGraphics.framework; sourceTree = SDKROOT; };
		5C143DD0198032E100B4F0E4 /* CFNetwork.framework */ = {isa = PBXFileReference; lastKnownFileType = wrapper.framework; name = CFNetwork.framework; path = System/Library/Frameworks/CFNetwork.framework; sourceTree = SDKROOT; };
		5C143DD1198032E100B4F0E4 /* AudioToolbox.framework */ = {isa = PBXFileReference; lastKnownFileType = wrapper.framework; name = AudioToolbox.framework; path = System/Library/Frameworks/AudioToolbox.framework; sourceTree = SDKROOT; };
		5C143DDD198033AA00B4F0E4 /* Trak-Bridging-Header.h */ = {isa = PBXFileReference; lastKnownFileType = sourcecode.c.h; path = "Trak-Bridging-Header.h"; sourceTree = "<group>"; };
		5C143DE01980397700B4F0E4 /* Social.framework */ = {isa = PBXFileReference; lastKnownFileType = wrapper.framework; name = Social.framework; path = System/Library/Frameworks/Social.framework; sourceTree = SDKROOT; };
		5C143DE219803A0800B4F0E4 /* libsqlite3.0.dylib */ = {isa = PBXFileReference; lastKnownFileType = "compiled.mach-o.dylib"; name = libsqlite3.0.dylib; path = usr/lib/libsqlite3.0.dylib; sourceTree = SDKROOT; };
		5C143DE319803A0800B4F0E4 /* Accounts.framework */ = {isa = PBXFileReference; lastKnownFileType = wrapper.framework; name = Accounts.framework; path = System/Library/Frameworks/Accounts.framework; sourceTree = SDKROOT; };
		5C143DE419803A0800B4F0E4 /* AdSupport.framework */ = {isa = PBXFileReference; lastKnownFileType = wrapper.framework; name = AdSupport.framework; path = System/Library/Frameworks/AdSupport.framework; sourceTree = SDKROOT; };
		5C143DE519803A0800B4F0E4 /* Foundation.framework */ = {isa = PBXFileReference; lastKnownFileType = wrapper.framework; name = Foundation.framework; path = System/Library/Frameworks/Foundation.framework; sourceTree = SDKROOT; };
		5C143DE619803A0800B4F0E4 /* libz.1.1.3.dylib */ = {isa = PBXFileReference; lastKnownFileType = "compiled.mach-o.dylib"; name = libz.1.1.3.dylib; path = usr/lib/libz.1.1.3.dylib; sourceTree = SDKROOT; };
		5C143DE719803A0800B4F0E4 /* UIKit.framework */ = {isa = PBXFileReference; lastKnownFileType = wrapper.framework; name = UIKit.framework; path = System/Library/Frameworks/UIKit.framework; sourceTree = SDKROOT; };
		5C4988C61980521A00873C6D /* timelineViewController.swift */ = {isa = PBXFileReference; fileEncoding = 4; lastKnownFileType = sourcecode.swift; path = timelineViewController.swift; sourceTree = "<group>"; };
		5C84DEDB1982A456009162CD /* logInViewController.swift */ = {isa = PBXFileReference; fileEncoding = 4; lastKnownFileType = sourcecode.swift; path = logInViewController.swift; sourceTree = "<group>"; };
		5C84DEDD1982A498009162CD /* signUpViewController.swift */ = {isa = PBXFileReference; fileEncoding = 4; lastKnownFileType = sourcecode.swift; path = signUpViewController.swift; sourceTree = "<group>"; };
		BA08515519F577BD00BACD87 /* symptTrigListViewController.swift */ = {isa = PBXFileReference; fileEncoding = 4; lastKnownFileType = sourcecode.swift; path = symptTrigListViewController.swift; sourceTree = "<group>"; };
		BA280D4D19FAC05E00874FD1 /* sEvent.swift */ = {isa = PBXFileReference; fileEncoding = 4; lastKnownFileType = sourcecode.swift; path = sEvent.swift; sourceTree = "<group>"; };
		BA280D4F19FAD0ED00874FD1 /* singleSymptomDataVC.swift */ = {isa = PBXFileReference; fileEncoding = 4; lastKnownFileType = sourcecode.swift; path = singleSymptomDataVC.swift; sourceTree = "<group>"; };
		BA281AAA19AACC0B00ACC3BB /* profileViewController.swift */ = {isa = PBXFileReference; fileEncoding = 4; lastKnownFileType = sourcecode.swift; path = profileViewController.swift; sourceTree = "<group>"; };
		BA4AF874198DD02400FC10D2 /* itemDetailController.swift */ = {isa = PBXFileReference; fileEncoding = 4; lastKnownFileType = sourcecode.swift; path = itemDetailController.swift; sourceTree = "<group>"; };
		BA4DBE9D19CF4B7F00CFFBFA /* Info.plist */ = {isa = PBXFileReference; fileEncoding = 4; lastKnownFileType = text.plist.xml; path = Info.plist; sourceTree = "<group>"; };
		BA4DBE9E19CF4B7F00CFFBFA /* TrakTests.swift */ = {isa = PBXFileReference; fileEncoding = 4; lastKnownFileType = sourcecode.swift; path = TrakTests.swift; sourceTree = "<group>"; };
		BA4DBEAE19CF563F00CFFBFA /* GraphView.swift */ = {isa = PBXFileReference; fileEncoding = 4; lastKnownFileType = sourcecode.swift; path = GraphView.swift; sourceTree = "<group>"; };
		BA4DBEB019CF5D8800CFFBFA /* SingleSymptomLine_GraphView.swift */ = {isa = PBXFileReference; fileEncoding = 4; lastKnownFileType = sourcecode.swift; path = SingleSymptomLine_GraphView.swift; sourceTree = "<group>"; };
		BA5A9A4219D3DC4400A410DF /* CoreMotion.framework */ = {isa = PBXFileReference; lastKnownFileType = wrapper.framework; name = CoreMotion.framework; path = System/Library/Frameworks/CoreMotion.framework; sourceTree = SDKROOT; };
		BA5A9A4419D3DC5E00A410DF /* CoreTelephony.framework */ = {isa = PBXFileReference; lastKnownFileType = wrapper.framework; name = CoreTelephony.framework; path = System/Library/Frameworks/CoreTelephony.framework; sourceTree = SDKROOT; };
		BA5A9A4619D3DC7300A410DF /* AVFoundation.framework */ = {isa = PBXFileReference; lastKnownFileType = wrapper.framework; name = AVFoundation.framework; path = System/Library/Frameworks/AVFoundation.framework; sourceTree = SDKROOT; };
		BA5A9A4819D3DCAB00A410DF /* libc++.dylib */ = {isa = PBXFileReference; lastKnownFileType = "compiled.mach-o.dylib"; name = "libc++.dylib"; path = "usr/lib/libc++.dylib"; sourceTree = SDKROOT; };
		BA5A9A4A19D3DCB800A410DF /* MessageUI.framework */ = {isa = PBXFileReference; lastKnownFileType = wrapper.framework; name = MessageUI.framework; path = System/Library/Frameworks/MessageUI.framework; sourceTree = SDKROOT; };
		BA5A9A4C19D3DCBF00A410DF /* OpenGLES.framework */ = {isa = PBXFileReference; lastKnownFileType = wrapper.framework; name = OpenGLES.framework; path = System/Library/Frameworks/OpenGLES.framework; sourceTree = SDKROOT; };
		BA5A9A4E19D3DCCA00A410DF /* GLKit.framework */ = {isa = PBXFileReference; lastKnownFileType = wrapper.framework; name = GLKit.framework; path = System/Library/Frameworks/GLKit.framework; sourceTree = SDKROOT; };
		BA5A9A5019D3DCEB00A410DF /* CoreFoundation.framework */ = {isa = PBXFileReference; lastKnownFileType = wrapper.framework; name = CoreFoundation.framework; path = System/Library/Frameworks/CoreFoundation.framework; sourceTree = SDKROOT; };
		BA5B40A619C68DB300794F13 /* dataMainVC.swift */ = {isa = PBXFileReference; fileEncoding = 4; lastKnownFileType = sourcecode.swift; path = dataMainVC.swift; sourceTree = "<group>"; };
		BA5B40A819C7D64000794F13 /* dataMainCell.swift */ = {isa = PBXFileReference; fileEncoding = 4; lastKnownFileType = sourcecode.swift; path = dataMainCell.swift; sourceTree = "<group>"; };
		BA6AA40B19C4CDEB00D64369 /* timelineCell.swift */ = {isa = PBXFileReference; fileEncoding = 4; lastKnownFileType = sourcecode.swift; path = timelineCell.swift; sourceTree = "<group>"; };
		BABFA3FE19CF402900434B51 /* dataMigraineVC.swift */ = {isa = PBXFileReference; fileEncoding = 4; lastKnownFileType = sourcecode.swift; path = dataMigraineVC.swift; sourceTree = "<group>"; };
		BACBCCC919AEC17900C79000 /* MBProgressHUD.h */ = {isa = PBXFileReference; fileEncoding = 4; lastKnownFileType = sourcecode.c.h; path = MBProgressHUD.h; sourceTree = "<group>"; };
		BACBCCCA19AEC17900C79000 /* MBProgressHUD.m */ = {isa = PBXFileReference; fileEncoding = 4; lastKnownFileType = sourcecode.c.objc; path = MBProgressHUD.m; sourceTree = "<group>"; };
		BACF75B919D3D51A00E2540D /* Instabug.framework */ = {isa = PBXFileReference; lastKnownFileType = wrapper.framework; path = Instabug.framework; sourceTree = "<group>"; };
		BACF75BB19D3D60600E2540D /* Instabug.bundle */ = {isa = PBXFileReference; lastKnownFileType = "wrapper.plug-in"; path = Instabug.bundle; sourceTree = "<group>"; };
		BAD85E3019BCFAFA00E2EB9B /* theExtensions.swift */ = {isa = PBXFileReference; fileEncoding = 4; lastKnownFileType = sourcecode.swift; path = theExtensions.swift; sourceTree = "<group>"; };
		BAE0DC9019A6BA2E00F02683 /* itemModel.swift */ = {isa = PBXFileReference; fileEncoding = 4; lastKnownFileType = sourcecode.swift; path = itemModel.swift; sourceTree = "<group>"; };
		BAE626C1199FBB5500747932 /* calendarViewController.swift */ = {isa = PBXFileReference; fileEncoding = 4; lastKnownFileType = sourcecode.swift; path = calendarViewController.swift; sourceTree = "<group>"; };
		BAF74EDC19E5B8E700956CF8 /* AF+Date+Extension.swift */ = {isa = PBXFileReference; fileEncoding = 4; lastKnownFileType = sourcecode.swift; path = "AF+Date+Extension.swift"; sourceTree = "<group>"; };
/* End PBXFileReference section */

/* Begin PBXFrameworksBuildPhase section */
		5C143D9F1980326B00B4F0E4 /* Frameworks */ = {
			isa = PBXFrameworksBuildPhase;
			buildActionMask = 2147483647;
			files = (
				5C143DEB19803A0800B4F0E4 /* Foundation.framework in Frameworks */,
				BA5A9A5119D3DCEB00A410DF /* CoreFoundation.framework in Frameworks */,
				5C143DED19803A0800B4F0E4 /* UIKit.framework in Frameworks */,
				BA5A9A4F19D3DCCA00A410DF /* GLKit.framework in Frameworks */,
				BA5A9A4D19D3DCBF00A410DF /* OpenGLES.framework in Frameworks */,
				BA5A9A4B19D3DCB800A410DF /* MessageUI.framework in Frameworks */,
				BA5A9A4919D3DCAB00A410DF /* libc++.dylib in Frameworks */,
				5C143DD5198032E100B4F0E4 /* QuartzCore.framework in Frameworks */,
				5C143DDB198032E100B4F0E4 /* AudioToolbox.framework in Frameworks */,
				BA5A9A4719D3DC7300A410DF /* AVFoundation.framework in Frameworks */,
				5C143DD8198032E100B4F0E4 /* CoreLocation.framework in Frameworks */,
				BA5A9A4519D3DC5E00A410DF /* CoreTelephony.framework in Frameworks */,
				5C143DD6198032E100B4F0E4 /* MobileCoreServices.framework in Frameworks */,
				BA5A9A4319D3DC4400A410DF /* CoreMotion.framework in Frameworks */,
				5C143DE919803A0800B4F0E4 /* Accounts.framework in Frameworks */,
				5C143DE11980397700B4F0E4 /* Social.framework in Frameworks */,
				BA5A9A4119D3DC0F00A410DF /* Instabug.framework in Frameworks */,
				5C143DD3198032E100B4F0E4 /* StoreKit.framework in Frameworks */,
				5C143DD7198032E100B4F0E4 /* libz.dylib in Frameworks */,
				5C143DD9198032E100B4F0E4 /* CoreGraphics.framework in Frameworks */,
				5C143DDA198032E100B4F0E4 /* CFNetwork.framework in Frameworks */,
				5C143DD2198032E100B4F0E4 /* SystemConfiguration.framework in Frameworks */,
				5C143DEA19803A0800B4F0E4 /* AdSupport.framework in Frameworks */,
				5C143DE819803A0800B4F0E4 /* libsqlite3.0.dylib in Frameworks */,
				5C143DD4198032E100B4F0E4 /* Security.framework in Frameworks */,
				5C143DC7198032D200B4F0E4 /* Parse.framework in Frameworks */,
				5C143DEC19803A0800B4F0E4 /* libz.1.1.3.dylib in Frameworks */,
			);
			runOnlyForDeploymentPostprocessing = 0;
		};
		5C143DB11980326B00B4F0E4 /* Frameworks */ = {
			isa = PBXFrameworksBuildPhase;
			buildActionMask = 2147483647;
			files = (
			);
			runOnlyForDeploymentPostprocessing = 0;
		};
/* End PBXFrameworksBuildPhase section */

/* Begin PBXGroup section */
		5C143D991980326B00B4F0E4 = {
			isa = PBXGroup;
			children = (
				5C143DA41980326B00B4F0E4 /* Trak */,
				5C143DAE1980326B00B4F0E4 /* Images.xcassets */,
				BA4DBE9C19CF4B7F00CFFBFA /* TrakTests */,
				5C143DDC198032E600B4F0E4 /* Frameworks */,
				5C143DA31980326B00B4F0E4 /* Products */,
			);
			sourceTree = "<group>";
		};
		5C143DA31980326B00B4F0E4 /* Products */ = {
			isa = PBXGroup;
			children = (
				5C143DA21980326B00B4F0E4 /* Trak.app */,
				5C143DB41980326B00B4F0E4 /* TrakTests.xctest */,
			);
			name = Products;
			sourceTree = "<group>";
		};
		5C143DA41980326B00B4F0E4 /* Trak */ = {
			isa = PBXGroup;
			children = (
				5C143DAB1980326B00B4F0E4 /* Main.storyboard */,
				5C4988C61980521A00873C6D /* timelineViewController.swift */,
				BA4AF874198DD02400FC10D2 /* itemDetailController.swift */,
				BA6AA40B19C4CDEB00D64369 /* timelineCell.swift */,
				BAD85E3019BCFAFA00E2EB9B /* theExtensions.swift */,
				BAE626C1199FBB5500747932 /* calendarViewController.swift */,
				BA08515519F577BD00BACD87 /* symptTrigListViewController.swift */,
				BA281AAA19AACC0B00ACC3BB /* profileViewController.swift */,
				BAE0DC9019A6BA2E00F02683 /* itemModel.swift */,
				BAF74EDC19E5B8E700956CF8 /* AF+Date+Extension.swift */,
				BA280D4D19FAC05E00874FD1 /* sEvent.swift */,
				BA5B40AA19C8A03100794F13 /* Data Screens */,
				BAEA6F3C19B01650002EC6E8 /* Progress Indicator */,
				BAE626C3199FBBF800747932 /* Login and Signup */,
				5C143DA51980326B00B4F0E4 /* Supporting Files */,
			);
			path = Trak;
			sourceTree = "<group>";
		};
		5C143DA51980326B00B4F0E4 /* Supporting Files */ = {
			isa = PBXGroup;
			children = (
				5C143DA71980326B00B4F0E4 /* AppDelegate.swift */,
				5C143DDD198033AA00B4F0E4 /* Trak-Bridging-Header.h */,
				5C143DA61980326B00B4F0E4 /* Info.plist */,
			);
			name = "Supporting Files";
			sourceTree = "<group>";
		};
		5C143DDC198032E600B4F0E4 /* Frameworks */ = {
			isa = PBXGroup;
			children = (
				BA5A9A5019D3DCEB00A410DF /* CoreFoundation.framework */,
				BA5A9A4E19D3DCCA00A410DF /* GLKit.framework */,
				BA5A9A4C19D3DCBF00A410DF /* OpenGLES.framework */,
				BA5A9A4A19D3DCB800A410DF /* MessageUI.framework */,
				BA5A9A4819D3DCAB00A410DF /* libc++.dylib */,
				BA5A9A4619D3DC7300A410DF /* AVFoundation.framework */,
				BA5A9A4419D3DC5E00A410DF /* CoreTelephony.framework */,
				BA5A9A4219D3DC4400A410DF /* CoreMotion.framework */,
				BACF75BB19D3D60600E2540D /* Instabug.bundle */,
				BACF75B919D3D51A00E2540D /* Instabug.framework */,
				5C143DE219803A0800B4F0E4 /* libsqlite3.0.dylib */,
				5C143DE319803A0800B4F0E4 /* Accounts.framework */,
				5C143DE419803A0800B4F0E4 /* AdSupport.framework */,
				5C143DE519803A0800B4F0E4 /* Foundation.framework */,
				5C143DE619803A0800B4F0E4 /* libz.1.1.3.dylib */,
				5C143DE719803A0800B4F0E4 /* UIKit.framework */,
				5C143DE01980397700B4F0E4 /* Social.framework */,
				5C143DC8198032E100B4F0E4 /* SystemConfiguration.framework */,
				5C143DC9198032E100B4F0E4 /* StoreKit.framework */,
				5C143DCA198032E100B4F0E4 /* Security.framework */,
				5C143DCB198032E100B4F0E4 /* QuartzCore.framework */,
				5C143DCC198032E100B4F0E4 /* MobileCoreServices.framework */,
				5C143DCD198032E100B4F0E4 /* libz.dylib */,
				5C143DCE198032E100B4F0E4 /* CoreLocation.framework */,
				5C143DCF198032E100B4F0E4 /* CoreGraphics.framework */,
				5C143DD0198032E100B4F0E4 /* CFNetwork.framework */,
				5C143DD1198032E100B4F0E4 /* AudioToolbox.framework */,
				5C143DC6198032D200B4F0E4 /* Parse.framework */,
			);
			name = Frameworks;
			sourceTree = "<group>";
		};
		BA4DBE9C19CF4B7F00CFFBFA /* TrakTests */ = {
			isa = PBXGroup;
			children = (
				BA4DBE9D19CF4B7F00CFFBFA /* Info.plist */,
				BA4DBE9E19CF4B7F00CFFBFA /* TrakTests.swift */,
			);
			path = TrakTests;
			sourceTree = "<group>";
		};
		BA5B40AA19C8A03100794F13 /* Data Screens */ = {
			isa = PBXGroup;
			children = (
				BA280D4F19FAD0ED00874FD1 /* singleSymptomDataVC.swift */,
				BA4DBEB019CF5D8800CFFBFA /* SingleSymptomLine_GraphView.swift */,
				BA5B40A819C7D64000794F13 /* dataMainCell.swift */,
				BA4DBEAE19CF563F00CFFBFA /* GraphView.swift */,
				BABFA3FE19CF402900434B51 /* dataMigraineVC.swift */,
				BA5B40A619C68DB300794F13 /* dataMainVC.swift */,
			);
			name = "Data Screens";
			sourceTree = "<group>";
		};
		BAE626C3199FBBF800747932 /* Login and Signup */ = {
			isa = PBXGroup;
			children = (
				5C84DEDD1982A498009162CD /* signUpViewController.swift */,
				5C84DEDB1982A456009162CD /* logInViewController.swift */,
			);
			name = "Login and Signup";
			sourceTree = "<group>";
		};
		BAEA6F3C19B01650002EC6E8 /* Progress Indicator */ = {
			isa = PBXGroup;
			children = (
				BACBCCC919AEC17900C79000 /* MBProgressHUD.h */,
				BACBCCCA19AEC17900C79000 /* MBProgressHUD.m */,
			);
			name = "Progress Indicator";
			sourceTree = "<group>";
		};
/* End PBXGroup section */

/* Begin PBXNativeTarget section */
		5C143DA11980326B00B4F0E4 /* Trak */ = {
			isa = PBXNativeTarget;
			buildConfigurationList = 5C143DBE1980326B00B4F0E4 /* Build configuration list for PBXNativeTarget "Trak" */;
			buildPhases = (
				5C143D9E1980326B00B4F0E4 /* Sources */,
				5C143D9F1980326B00B4F0E4 /* Frameworks */,
				5C143DA01980326B00B4F0E4 /* Resources */,
			);
			buildRules = (
			);
			dependencies = (
			);
			name = Trak;
			productName = ParseAuthSwift;
			productReference = 5C143DA21980326B00B4F0E4 /* Trak.app */;
			productType = "com.apple.product-type.application";
		};
		5C143DB31980326B00B4F0E4 /* TrakTests */ = {
			isa = PBXNativeTarget;
			buildConfigurationList = 5C143DC11980326B00B4F0E4 /* Build configuration list for PBXNativeTarget "TrakTests" */;
			buildPhases = (
				5C143DB01980326B00B4F0E4 /* Sources */,
				5C143DB11980326B00B4F0E4 /* Frameworks */,
				5C143DB21980326B00B4F0E4 /* Resources */,
			);
			buildRules = (
			);
			dependencies = (
				5C143DB61980326B00B4F0E4 /* PBXTargetDependency */,
			);
			name = TrakTests;
			productName = ParseAuthSwiftTests;
			productReference = 5C143DB41980326B00B4F0E4 /* TrakTests.xctest */;
			productType = "com.apple.product-type.bundle.unit-test";
		};
/* End PBXNativeTarget section */

/* Begin PBXProject section */
		5C143D9A1980326B00B4F0E4 /* Project object */ = {
			isa = PBXProject;
			attributes = {
				LastUpgradeCheck = 0600;
				ORGANIZATIONNAME = "Lynn Smith";
				TargetAttributes = {
					5C143DA11980326B00B4F0E4 = {
						CreatedOnToolsVersion = 6.0;
						DevelopmentTeam = W8PED6Z2A8;
					};
					5C143DB31980326B00B4F0E4 = {
						CreatedOnToolsVersion = 6.0;
						TestTargetID = 5C143DA11980326B00B4F0E4;
					};
				};
			};
			buildConfigurationList = 5C143D9D1980326B00B4F0E4 /* Build configuration list for PBXProject "Trak" */;
			compatibilityVersion = "Xcode 3.2";
			developmentRegion = English;
			hasScannedForEncodings = 0;
			knownRegions = (
				en,
				Base,
			);
			mainGroup = 5C143D991980326B00B4F0E4;
			productRefGroup = 5C143DA31980326B00B4F0E4 /* Products */;
			projectDirPath = "";
			projectRoot = "";
			targets = (
				5C143DA11980326B00B4F0E4 /* Trak */,
				5C143DB31980326B00B4F0E4 /* TrakTests */,
			);
		};
/* End PBXProject section */

/* Begin PBXResourcesBuildPhase section */
		5C143DA01980326B00B4F0E4 /* Resources */ = {
			isa = PBXResourcesBuildPhase;
			buildActionMask = 2147483647;
			files = (
				BACF75BC19D3D60600E2540D /* Instabug.bundle in Resources */,
				5C143DAD1980326B00B4F0E4 /* Main.storyboard in Resources */,
				5C143DAF1980326B00B4F0E4 /* Images.xcassets in Resources */,
				BA4DBE9F19CF4B7F00CFFBFA /* Info.plist in Resources */,
			);
			runOnlyForDeploymentPostprocessing = 0;
		};
		5C143DB21980326B00B4F0E4 /* Resources */ = {
			isa = PBXResourcesBuildPhase;
			buildActionMask = 2147483647;
			files = (
			);
			runOnlyForDeploymentPostprocessing = 0;
		};
/* End PBXResourcesBuildPhase section */

/* Begin PBXSourcesBuildPhase section */
		5C143D9E1980326B00B4F0E4 /* Sources */ = {
			isa = PBXSourcesBuildPhase;
			buildActionMask = 2147483647;
			files = (
				BA08515619F577BD00BACD87 /* symptTrigListViewController.swift in Sources */,
				BAD85E3119BCFAFA00E2EB9B /* theExtensions.swift in Sources */,
				BA4DBEB119CF5D8800CFFBFA /* SingleSymptomLine_GraphView.swift in Sources */,
				BABFA3FF19CF402900434B51 /* dataMigraineVC.swift in Sources */,
				BA5B40A719C68DB300794F13 /* dataMainVC.swift in Sources */,
				BAF74EDD19E5B8E800956CF8 /* AF+Date+Extension.swift in Sources */,
				BA6AA40C19C4CDEB00D64369 /* timelineCell.swift in Sources */,
				5C84DEDE1982A498009162CD /* signUpViewController.swift in Sources */,
				BA4DBEAF19CF563F00CFFBFA /* GraphView.swift in Sources */,
				BACBCCCB19AEC17900C79000 /* MBProgressHUD.m in Sources */,
				5C143DA81980326B00B4F0E4 /* AppDelegate.swift in Sources */,
				BAE626C2199FBB5500747932 /* calendarViewController.swift in Sources */,
				BA51669219B2218900E44717 /* logInViewController.swift in Sources */,
				BA4AF875198DD02400FC10D2 /* itemDetailController.swift in Sources */,
				5C4988C71980521A00873C6D /* timelineViewController.swift in Sources */,
				BAE0DC9119A6BA2E00F02683 /* itemModel.swift in Sources */,
				BA281AAB19AACC0B00ACC3BB /* profileViewController.swift in Sources */,
				BA5B40A919C7D64000794F13 /* dataMainCell.swift in Sources */,
				BA280D5019FAD0ED00874FD1 /* singleSymptomDataVC.swift in Sources */,
				BA280D4E19FAC05E00874FD1 /* sEvent.swift in Sources */,
			);
			runOnlyForDeploymentPostprocessing = 0;
		};
		5C143DB01980326B00B4F0E4 /* Sources */ = {
			isa = PBXSourcesBuildPhase;
			buildActionMask = 2147483647;
			files = (
			);
			runOnlyForDeploymentPostprocessing = 0;
		};
/* End PBXSourcesBuildPhase section */

/* Begin PBXTargetDependency section */
		5C143DB61980326B00B4F0E4 /* PBXTargetDependency */ = {
			isa = PBXTargetDependency;
			target = 5C143DA11980326B00B4F0E4 /* Trak */;
			targetProxy = 5C143DB51980326B00B4F0E4 /* PBXContainerItemProxy */;
		};
/* End PBXTargetDependency section */

/* Begin PBXVariantGroup section */
		5C143DAB1980326B00B4F0E4 /* Main.storyboard */ = {
			isa = PBXVariantGroup;
			children = (
				5C143DAC1980326B00B4F0E4 /* Base */,
			);
			name = Main.storyboard;
			sourceTree = "<group>";
		};
/* End PBXVariantGroup section */

/* Begin XCBuildConfiguration section */
		5C143DBC1980326B00B4F0E4 /* Debug */ = {
			isa = XCBuildConfiguration;
			buildSettings = {
				ALWAYS_SEARCH_USER_PATHS = NO;
				CLANG_CXX_LANGUAGE_STANDARD = "gnu++0x";
				CLANG_CXX_LIBRARY = "libc++";
				CLANG_ENABLE_MODULES = YES;
				CLANG_ENABLE_OBJC_ARC = YES;
				CLANG_WARN_BOOL_CONVERSION = YES;
				CLANG_WARN_CONSTANT_CONVERSION = YES;
				CLANG_WARN_DIRECT_OBJC_ISA_USAGE = YES_ERROR;
				CLANG_WARN_EMPTY_BODY = YES;
				CLANG_WARN_ENUM_CONVERSION = YES;
				CLANG_WARN_INT_CONVERSION = YES;
				CLANG_WARN_OBJC_ROOT_CLASS = YES_ERROR;
				CLANG_WARN_UNREACHABLE_CODE = YES;
				CLANG_WARN__DUPLICATE_METHOD_MATCH = YES;
				"CODE_SIGN_IDENTITY[sdk=iphoneos*]" = "iPhone Developer";
				COPY_PHASE_STRIP = NO;
				ENABLE_STRICT_OBJC_MSGSEND = YES;
				GCC_C_LANGUAGE_STANDARD = gnu99;
				GCC_DYNAMIC_NO_PIC = NO;
				GCC_OPTIMIZATION_LEVEL = 0;
				GCC_PREPROCESSOR_DEFINITIONS = (
					"DEBUG=1",
					"$(inherited)",
				);
				GCC_SYMBOLS_PRIVATE_EXTERN = NO;
				GCC_WARN_64_TO_32_BIT_CONVERSION = YES;
				GCC_WARN_ABOUT_RETURN_TYPE = YES_ERROR;
				GCC_WARN_UNDECLARED_SELECTOR = YES;
				GCC_WARN_UNINITIALIZED_AUTOS = YES_AGGRESSIVE;
				GCC_WARN_UNUSED_FUNCTION = YES;
				GCC_WARN_UNUSED_VARIABLE = YES;
				IPHONEOS_DEPLOYMENT_TARGET = 8.0;
				MTL_ENABLE_DEBUG_INFO = YES;
				ONLY_ACTIVE_ARCH = YES;
				PROVISIONING_PROFILE = "";
				SDKROOT = iphoneos;
				SWIFT_OPTIMIZATION_LEVEL = "-Onone";
			};
			name = Debug;
		};
		5C143DBD1980326B00B4F0E4 /* Release */ = {
			isa = XCBuildConfiguration;
			buildSettings = {
				ALWAYS_SEARCH_USER_PATHS = NO;
				CLANG_CXX_LANGUAGE_STANDARD = "gnu++0x";
				CLANG_CXX_LIBRARY = "libc++";
				CLANG_ENABLE_MODULES = YES;
				CLANG_ENABLE_OBJC_ARC = YES;
				CLANG_WARN_BOOL_CONVERSION = YES;
				CLANG_WARN_CONSTANT_CONVERSION = YES;
				CLANG_WARN_DIRECT_OBJC_ISA_USAGE = YES_ERROR;
				CLANG_WARN_EMPTY_BODY = YES;
				CLANG_WARN_ENUM_CONVERSION = YES;
				CLANG_WARN_INT_CONVERSION = YES;
				CLANG_WARN_OBJC_ROOT_CLASS = YES_ERROR;
				CLANG_WARN_UNREACHABLE_CODE = YES;
				CLANG_WARN__DUPLICATE_METHOD_MATCH = YES;
				"CODE_SIGN_IDENTITY[sdk=iphoneos*]" = "iPhone Developer";
				COPY_PHASE_STRIP = YES;
				ENABLE_NS_ASSERTIONS = NO;
				ENABLE_STRICT_OBJC_MSGSEND = YES;
				GCC_C_LANGUAGE_STANDARD = gnu99;
				GCC_WARN_64_TO_32_BIT_CONVERSION = YES;
				GCC_WARN_ABOUT_RETURN_TYPE = YES_ERROR;
				GCC_WARN_UNDECLARED_SELECTOR = YES;
				GCC_WARN_UNINITIALIZED_AUTOS = YES_AGGRESSIVE;
				GCC_WARN_UNUSED_FUNCTION = YES;
				GCC_WARN_UNUSED_VARIABLE = YES;
				IPHONEOS_DEPLOYMENT_TARGET = 8.0;
				MTL_ENABLE_DEBUG_INFO = NO;
				PROVISIONING_PROFILE = "";
				SDKROOT = iphoneos;
				VALIDATE_PRODUCT = YES;
			};
			name = Release;
		};
		5C143DBF1980326B00B4F0E4 /* Debug */ = {
			isa = XCBuildConfiguration;
			buildSettings = {
				ASSETCATALOG_COMPILER_APPICON_NAME = AppIcon;
				ASSETCATALOG_COMPILER_LAUNCHIMAGE_NAME = LaunchImage;
				CLANG_ENABLE_MODULES = YES;
				CODE_SIGN_IDENTITY = "iPhone Developer";
				"CODE_SIGN_IDENTITY[sdk=iphoneos*]" = "iPhone Developer";
				FRAMEWORK_SEARCH_PATHS = (
					"$(inherited)",
					"$(PROJECT_DIR)",
				);
				INFOPLIST_FILE = Trak/Info.plist;
				IPHONEOS_DEPLOYMENT_TARGET = 8.0;
				LD_RUNPATH_SEARCH_PATHS = "$(inherited) @executable_path/Frameworks";
				PRODUCT_NAME = Trak;
				PROVISIONING_PROFILE = "";
				SWIFT_OBJC_BRIDGING_HEADER = "Trak/Trak-Bridging-Header.h";
				SWIFT_OPTIMIZATION_LEVEL = "-Onone";
			};
			name = Debug;
		};
		5C143DC01980326B00B4F0E4 /* Release */ = {
			isa = XCBuildConfiguration;
			buildSettings = {
				ASSETCATALOG_COMPILER_APPICON_NAME = AppIcon;
				ASSETCATALOG_COMPILER_LAUNCHIMAGE_NAME = LaunchImage;
				CLANG_ENABLE_MODULES = YES;
				CODE_SIGN_IDENTITY = "iPhone Developer";
				"CODE_SIGN_IDENTITY[sdk=iphoneos*]" = "iPhone Developer";
				FRAMEWORK_SEARCH_PATHS = (
					"$(inherited)",
					"$(PROJECT_DIR)",
				);
				INFOPLIST_FILE = Trak/Info.plist;
				IPHONEOS_DEPLOYMENT_TARGET = 8.0;
				LD_RUNPATH_SEARCH_PATHS = "$(inherited) @executable_path/Frameworks";
				PRODUCT_NAME = Trak;
				PROVISIONING_PROFILE = "";
				SWIFT_OBJC_BRIDGING_HEADER = "Trak/Trak-Bridging-Header.h";
			};
			name = Release;
		};
		5C143DC21980326B00B4F0E4 /* Debug */ = {
			isa = XCBuildConfiguration;
			buildSettings = {
				BUNDLE_LOADER = "$(BUILT_PRODUCTS_DIR)/Trak.app/Trak";
				FRAMEWORK_SEARCH_PATHS = (
					"$(SDKROOT)/Developer/Library/Frameworks",
					"$(inherited)",
					"$(PROJECT_DIR)",
				);
				GCC_PREPROCESSOR_DEFINITIONS = (
					"DEBUG=1",
					"$(inherited)",
				);
				INFOPLIST_FILE = Trak/Info.plist;
				LD_RUNPATH_SEARCH_PATHS = "$(inherited) @executable_path/Frameworks @loader_path/Frameworks";
				PRODUCT_NAME = TrakTests;
				TEST_HOST = "$(BUNDLE_LOADER)";
			};
			name = Debug;
		};
		5C143DC31980326B00B4F0E4 /* Release */ = {
			isa = XCBuildConfiguration;
			buildSettings = {
				BUNDLE_LOADER = "$(BUILT_PRODUCTS_DIR)/Trak.app/Trak";
				FRAMEWORK_SEARCH_PATHS = (
					"$(SDKROOT)/Developer/Library/Frameworks",
					"$(inherited)",
					"$(PROJECT_DIR)",
				);
				INFOPLIST_FILE = Trak/Info.plist;
				LD_RUNPATH_SEARCH_PATHS = "$(inherited) @executable_path/Frameworks @loader_path/Frameworks";
				PRODUCT_NAME = TrakTests;
				TEST_HOST = "$(BUNDLE_LOADER)";
			};
			name = Release;
		};
/* End XCBuildConfiguration section */

/* Begin XCConfigurationList section */
		5C143D9D1980326B00B4F0E4 /* Build configuration list for PBXProject "Trak" */ = {
			isa = XCConfigurationList;
			buildConfigurations = (
				5C143DBC1980326B00B4F0E4 /* Debug */,
				5C143DBD1980326B00B4F0E4 /* Release */,
			);
			defaultConfigurationIsVisible = 0;
			defaultConfigurationName = Release;
		};
		5C143DBE1980326B00B4F0E4 /* Build configuration list for PBXNativeTarget "Trak" */ = {
			isa = XCConfigurationList;
			buildConfigurations = (
				5C143DBF1980326B00B4F0E4 /* Debug */,
				5C143DC01980326B00B4F0E4 /* Release */,
			);
			defaultConfigurationIsVisible = 0;
			defaultConfigurationName = Release;
		};
		5C143DC11980326B00B4F0E4 /* Build configuration list for PBXNativeTarget "TrakTests" */ = {
			isa = XCConfigurationList;
			buildConfigurations = (
				5C143DC21980326B00B4F0E4 /* Debug */,
				5C143DC31980326B00B4F0E4 /* Release */,
			);
			defaultConfigurationIsVisible = 0;
			defaultConfigurationName = Release;
		};
/* End XCConfigurationList section */
	};
	rootObject = 5C143D9A1980326B00B4F0E4 /* Project object */;
}
